// !$*UTF8*$!
{
	archiveVersion = 1;
	classes = {
	};
	objectVersion = 56;
	objects = {

/* Begin PBXBuildFile section */
		B81C06732B89B86D00866019 /* AppDelegate.swift in Sources */ = {isa = PBXBuildFile; fileRef = B81C06722B89B86D00866019 /* AppDelegate.swift */; };
		B81C06752B89B86D00866019 /* SceneDelegate.swift in Sources */ = {isa = PBXBuildFile; fileRef = B81C06742B89B86D00866019 /* SceneDelegate.swift */; };
		B81C067C2B89B86E00866019 /* Assets.xcassets in Resources */ = {isa = PBXBuildFile; fileRef = B81C067B2B89B86E00866019 /* Assets.xcassets */; };
		B81C067F2B89B86E00866019 /* LaunchScreen.storyboard in Resources */ = {isa = PBXBuildFile; fileRef = B81C067D2B89B86E00866019 /* LaunchScreen.storyboard */; };
		B81C06882B89BC3E00866019 /* UIFont.swift in Sources */ = {isa = PBXBuildFile; fileRef = B81C06872B89BC3E00866019 /* UIFont.swift */; };
		B81C068A2B89BC4A00866019 /* UILabel.swift in Sources */ = {isa = PBXBuildFile; fileRef = B81C06892B89BC4A00866019 /* UILabel.swift */; };
		B81C068C2B89BC5B00866019 /* UIButton.swift in Sources */ = {isa = PBXBuildFile; fileRef = B81C068B2B89BC5B00866019 /* UIButton.swift */; };
		B81C068E2B89BC6100866019 /* UIStackView.swift in Sources */ = {isa = PBXBuildFile; fileRef = B81C068D2B89BC6100866019 /* UIStackView.swift */; };
		B81C06902B89BC6F00866019 /* UIColor.swift in Sources */ = {isa = PBXBuildFile; fileRef = B81C068F2B89BC6F00866019 /* UIColor.swift */; };
		B81C06AA2B89C94D00866019 /* SpoqaHanSansNeo-Thin.otf in Resources */ = {isa = PBXBuildFile; fileRef = B81C06A52B89C94D00866019 /* SpoqaHanSansNeo-Thin.otf */; };
		B81C06AB2B89C94D00866019 /* SpoqaHanSansNeo-Light.otf in Resources */ = {isa = PBXBuildFile; fileRef = B81C06A62B89C94D00866019 /* SpoqaHanSansNeo-Light.otf */; };
		B81C06AC2B89C94D00866019 /* SpoqaHanSansNeo-Bold.otf in Resources */ = {isa = PBXBuildFile; fileRef = B81C06A72B89C94D00866019 /* SpoqaHanSansNeo-Bold.otf */; };
		B81C06AD2B89C94D00866019 /* SpoqaHanSansNeo-Medium.otf in Resources */ = {isa = PBXBuildFile; fileRef = B81C06A82B89C94D00866019 /* SpoqaHanSansNeo-Medium.otf */; };
		B81C06AE2B89C94D00866019 /* SpoqaHanSansNeo-Regular.otf in Resources */ = {isa = PBXBuildFile; fileRef = B81C06A92B89C94D00866019 /* SpoqaHanSansNeo-Regular.otf */; };
		B81C06B02B89CA3F00866019 /* Constants.swift in Sources */ = {isa = PBXBuildFile; fileRef = B81C06AF2B89CA3F00866019 /* Constants.swift */; };
		B81C06B22B89CA7300866019 /* CustomTabBarController.swift in Sources */ = {isa = PBXBuildFile; fileRef = B81C06B12B89CA7300866019 /* CustomTabBarController.swift */; };
		B81C06BB2B89CDCF00866019 /* HomeViewController.swift in Sources */ = {isa = PBXBuildFile; fileRef = B81C06BA2B89CDCF00866019 /* HomeViewController.swift */; };
		B81C06BD2B89CDDA00866019 /* SearchViewController.swift in Sources */ = {isa = PBXBuildFile; fileRef = B81C06BC2B89CDDA00866019 /* SearchViewController.swift */; };
		B81C06BF2B89CDE500866019 /* AddViewController.swift in Sources */ = {isa = PBXBuildFile; fileRef = B81C06BE2B89CDE500866019 /* AddViewController.swift */; };
		B81C06C12B89CDEF00866019 /* AlarmViewController.swift in Sources */ = {isa = PBXBuildFile; fileRef = B81C06C02B89CDEF00866019 /* AlarmViewController.swift */; };
		B81C06C32B89CDFD00866019 /* MyViewController.swift in Sources */ = {isa = PBXBuildFile; fileRef = B81C06C22B89CDFD00866019 /* MyViewController.swift */; };
		B81C06C62B89E6AC00866019 /* LoginViewController.swift in Sources */ = {isa = PBXBuildFile; fileRef = B81C06C52B89E6AC00866019 /* LoginViewController.swift */; };
		B81C06C92B89E76C00866019 /* LoginView.swift in Sources */ = {isa = PBXBuildFile; fileRef = B81C06C82B89E76C00866019 /* LoginView.swift */; };
		B81C06D02B8A356D00866019 /* UIImageView.swift in Sources */ = {isa = PBXBuildFile; fileRef = B81C06CF2B8A356D00866019 /* UIImageView.swift */; };
		B81C06D22B8A381000866019 /* UITextField.swift in Sources */ = {isa = PBXBuildFile; fileRef = B81C06D12B8A381000866019 /* UITextField.swift */; };
		B81C06D42B8A408800866019 /* LoginViewModel.swift in Sources */ = {isa = PBXBuildFile; fileRef = B81C06D32B8A408800866019 /* LoginViewModel.swift */; };
		B89615252B8BAB7600F0BD9F /* SnapKit in Frameworks */ = {isa = PBXBuildFile; productRef = B89615242B8BAB7600F0BD9F /* SnapKit */; };
		B89615272B8C66FC00F0BD9F /* LoginFooterView.swift in Sources */ = {isa = PBXBuildFile; fileRef = B89615262B8C66FC00F0BD9F /* LoginFooterView.swift */; };
		B896152D2B8CC74300F0BD9F /* ForgotPasswordViewController.swift in Sources */ = {isa = PBXBuildFile; fileRef = B896152C2B8CC74300F0BD9F /* ForgotPasswordViewController.swift */; };
		B896152F2B8CC75500F0BD9F /* FacebookLoginViewController.swift in Sources */ = {isa = PBXBuildFile; fileRef = B896152E2B8CC75500F0BD9F /* FacebookLoginViewController.swift */; };
		B89615312B8CC76200F0BD9F /* SignupViewController.swift in Sources */ = {isa = PBXBuildFile; fileRef = B89615302B8CC76200F0BD9F /* SignupViewController.swift */; };
/* End PBXBuildFile section */

/* Begin PBXCopyFilesBuildPhase section */
		B81C06DE2B8BA58F00866019 /* Embed Frameworks */ = {
			isa = PBXCopyFilesBuildPhase;
			buildActionMask = 2147483647;
			dstPath = "";
			dstSubfolderSpec = 10;
			files = (
			);
			name = "Embed Frameworks";
			runOnlyForDeploymentPostprocessing = 0;
		};
/* End PBXCopyFilesBuildPhase section */

/* Begin PBXFileReference section */
		B81C066F2B89B86D00866019 /* InstaClone.app */ = {isa = PBXFileReference; explicitFileType = wrapper.application; includeInIndex = 0; path = InstaClone.app; sourceTree = BUILT_PRODUCTS_DIR; };
		B81C06722B89B86D00866019 /* AppDelegate.swift */ = {isa = PBXFileReference; lastKnownFileType = sourcecode.swift; path = AppDelegate.swift; sourceTree = "<group>"; };
		B81C06742B89B86D00866019 /* SceneDelegate.swift */ = {isa = PBXFileReference; lastKnownFileType = sourcecode.swift; path = SceneDelegate.swift; sourceTree = "<group>"; };
		B81C067B2B89B86E00866019 /* Assets.xcassets */ = {isa = PBXFileReference; lastKnownFileType = folder.assetcatalog; path = Assets.xcassets; sourceTree = "<group>"; };
		B81C067E2B89B86E00866019 /* Base */ = {isa = PBXFileReference; lastKnownFileType = file.storyboard; name = Base; path = Base.lproj/LaunchScreen.storyboard; sourceTree = "<group>"; };
		B81C06802B89B86E00866019 /* Info.plist */ = {isa = PBXFileReference; lastKnownFileType = text.plist.xml; path = Info.plist; sourceTree = "<group>"; };
		B81C06872B89BC3E00866019 /* UIFont.swift */ = {isa = PBXFileReference; lastKnownFileType = sourcecode.swift; path = UIFont.swift; sourceTree = "<group>"; };
		B81C06892B89BC4A00866019 /* UILabel.swift */ = {isa = PBXFileReference; lastKnownFileType = sourcecode.swift; path = UILabel.swift; sourceTree = "<group>"; };
		B81C068B2B89BC5B00866019 /* UIButton.swift */ = {isa = PBXFileReference; lastKnownFileType = sourcecode.swift; path = UIButton.swift; sourceTree = "<group>"; };
		B81C068D2B89BC6100866019 /* UIStackView.swift */ = {isa = PBXFileReference; lastKnownFileType = sourcecode.swift; path = UIStackView.swift; sourceTree = "<group>"; };
		B81C068F2B89BC6F00866019 /* UIColor.swift */ = {isa = PBXFileReference; lastKnownFileType = sourcecode.swift; path = UIColor.swift; sourceTree = "<group>"; };
		B81C06A52B89C94D00866019 /* SpoqaHanSansNeo-Thin.otf */ = {isa = PBXFileReference; lastKnownFileType = file; path = "SpoqaHanSansNeo-Thin.otf"; sourceTree = "<group>"; };
		B81C06A62B89C94D00866019 /* SpoqaHanSansNeo-Light.otf */ = {isa = PBXFileReference; lastKnownFileType = file; path = "SpoqaHanSansNeo-Light.otf"; sourceTree = "<group>"; };
		B81C06A72B89C94D00866019 /* SpoqaHanSansNeo-Bold.otf */ = {isa = PBXFileReference; lastKnownFileType = file; path = "SpoqaHanSansNeo-Bold.otf"; sourceTree = "<group>"; };
		B81C06A82B89C94D00866019 /* SpoqaHanSansNeo-Medium.otf */ = {isa = PBXFileReference; lastKnownFileType = file; path = "SpoqaHanSansNeo-Medium.otf"; sourceTree = "<group>"; };
		B81C06A92B89C94D00866019 /* SpoqaHanSansNeo-Regular.otf */ = {isa = PBXFileReference; lastKnownFileType = file; path = "SpoqaHanSansNeo-Regular.otf"; sourceTree = "<group>"; };
		B81C06AF2B89CA3F00866019 /* Constants.swift */ = {isa = PBXFileReference; lastKnownFileType = sourcecode.swift; path = Constants.swift; sourceTree = "<group>"; };
		B81C06B12B89CA7300866019 /* CustomTabBarController.swift */ = {isa = PBXFileReference; lastKnownFileType = sourcecode.swift; path = CustomTabBarController.swift; sourceTree = "<group>"; };
		B81C06BA2B89CDCF00866019 /* HomeViewController.swift */ = {isa = PBXFileReference; lastKnownFileType = sourcecode.swift; path = HomeViewController.swift; sourceTree = "<group>"; };
		B81C06BC2B89CDDA00866019 /* SearchViewController.swift */ = {isa = PBXFileReference; lastKnownFileType = sourcecode.swift; path = SearchViewController.swift; sourceTree = "<group>"; };
		B81C06BE2B89CDE500866019 /* AddViewController.swift */ = {isa = PBXFileReference; lastKnownFileType = sourcecode.swift; path = AddViewController.swift; sourceTree = "<group>"; };
		B81C06C02B89CDEF00866019 /* AlarmViewController.swift */ = {isa = PBXFileReference; lastKnownFileType = sourcecode.swift; path = AlarmViewController.swift; sourceTree = "<group>"; };
		B81C06C22B89CDFD00866019 /* MyViewController.swift */ = {isa = PBXFileReference; lastKnownFileType = sourcecode.swift; path = MyViewController.swift; sourceTree = "<group>"; };
		B81C06C52B89E6AC00866019 /* LoginViewController.swift */ = {isa = PBXFileReference; lastKnownFileType = sourcecode.swift; path = LoginViewController.swift; sourceTree = "<group>"; };
		B81C06C82B89E76C00866019 /* LoginView.swift */ = {isa = PBXFileReference; lastKnownFileType = sourcecode.swift; path = LoginView.swift; sourceTree = "<group>"; };
		B81C06CF2B8A356D00866019 /* UIImageView.swift */ = {isa = PBXFileReference; lastKnownFileType = sourcecode.swift; path = UIImageView.swift; sourceTree = "<group>"; };
		B81C06D12B8A381000866019 /* UITextField.swift */ = {isa = PBXFileReference; lastKnownFileType = sourcecode.swift; path = UITextField.swift; sourceTree = "<group>"; };
		B81C06D32B8A408800866019 /* LoginViewModel.swift */ = {isa = PBXFileReference; lastKnownFileType = sourcecode.swift; path = LoginViewModel.swift; sourceTree = "<group>"; };
		B89615262B8C66FC00F0BD9F /* LoginFooterView.swift */ = {isa = PBXFileReference; lastKnownFileType = sourcecode.swift; path = LoginFooterView.swift; sourceTree = "<group>"; };
		B896152C2B8CC74300F0BD9F /* ForgotPasswordViewController.swift */ = {isa = PBXFileReference; lastKnownFileType = sourcecode.swift; path = ForgotPasswordViewController.swift; sourceTree = "<group>"; };
		B896152E2B8CC75500F0BD9F /* FacebookLoginViewController.swift */ = {isa = PBXFileReference; lastKnownFileType = sourcecode.swift; path = FacebookLoginViewController.swift; sourceTree = "<group>"; };
		B89615302B8CC76200F0BD9F /* SignupViewController.swift */ = {isa = PBXFileReference; lastKnownFileType = sourcecode.swift; path = SignupViewController.swift; sourceTree = "<group>"; };
/* End PBXFileReference section */

/* Begin PBXFrameworksBuildPhase section */
		B81C066C2B89B86D00866019 /* Frameworks */ = {
			isa = PBXFrameworksBuildPhase;
			buildActionMask = 2147483647;
			files = (
				B89615252B8BAB7600F0BD9F /* SnapKit in Frameworks */,
			);
			runOnlyForDeploymentPostprocessing = 0;
		};
/* End PBXFrameworksBuildPhase section */

/* Begin PBXGroup section */
		B81C06662B89B86D00866019 = {
			isa = PBXGroup;
			children = (
				B81C06712B89B86D00866019 /* InstaClone */,
				B81C06702B89B86D00866019 /* Products */,
				B81C06DA2B8BA58F00866019 /* Frameworks */,
			);
			sourceTree = "<group>";
		};
		B81C06702B89B86D00866019 /* Products */ = {
			isa = PBXGroup;
			children = (
				B81C066F2B89B86D00866019 /* InstaClone.app */,
			);
			name = Products;
			sourceTree = "<group>";
		};
		B81C06712B89B86D00866019 /* InstaClone */ = {
			isa = PBXGroup;
			children = (
				B81C06722B89B86D00866019 /* AppDelegate.swift */,
				B81C06742B89B86D00866019 /* SceneDelegate.swift */,
				B81C06B12B89CA7300866019 /* CustomTabBarController.swift */,
				B81C06AF2B89CA3F00866019 /* Constants.swift */,
				B81C06862B89BC2900866019 /* Extension */,
				B81C06912B89BDB900866019 /* Model */,
				B81C06922B89BDD500866019 /* ViewModel */,
				B81C06932B89BDDF00866019 /* View */,
				B81C067B2B89B86E00866019 /* Assets.xcassets */,
				B81C067D2B89B86E00866019 /* LaunchScreen.storyboard */,
				B81C06802B89B86E00866019 /* Info.plist */,
				B81C06A42B89C94D00866019 /* SpoqaHanSansNeo_OTF_original */,
			);
			path = InstaClone;
			sourceTree = "<group>";
		};
		B81C06862B89BC2900866019 /* Extension */ = {
			isa = PBXGroup;
			children = (
				B81C068F2B89BC6F00866019 /* UIColor.swift */,
				B81C06872B89BC3E00866019 /* UIFont.swift */,
				B81C06892B89BC4A00866019 /* UILabel.swift */,
				B81C06CF2B8A356D00866019 /* UIImageView.swift */,
				B81C068B2B89BC5B00866019 /* UIButton.swift */,
				B81C068D2B89BC6100866019 /* UIStackView.swift */,
				B81C06D12B8A381000866019 /* UITextField.swift */,
			);
			path = Extension;
			sourceTree = "<group>";
		};
		B81C06912B89BDB900866019 /* Model */ = {
			isa = PBXGroup;
			children = (
			);
			path = Model;
			sourceTree = "<group>";
		};
		B81C06922B89BDD500866019 /* ViewModel */ = {
			isa = PBXGroup;
			children = (
				B81C06D32B8A408800866019 /* LoginViewModel.swift */,
			);
			path = ViewModel;
			sourceTree = "<group>";
		};
		B81C06932B89BDDF00866019 /* View */ = {
			isa = PBXGroup;
			children = (
				B81C06C42B89E69900866019 /* LoginView */,
				B81C06B92B89CDB600866019 /* HomePageView */,
				B81C06B82B89CDA900866019 /* SearchPageView */,
				B81C06B72B89CD7F00866019 /* AddPageView */,
				B81C06B62B89CC9400866019 /* AlarmPageView */,
				B81C06B42B89CC4500866019 /* MyPageView */,
			);
			path = View;
			sourceTree = "<group>";
		};
		B81C06A42B89C94D00866019 /* SpoqaHanSansNeo_OTF_original */ = {
			isa = PBXGroup;
			children = (
				B81C06A52B89C94D00866019 /* SpoqaHanSansNeo-Thin.otf */,
				B81C06A62B89C94D00866019 /* SpoqaHanSansNeo-Light.otf */,
				B81C06A72B89C94D00866019 /* SpoqaHanSansNeo-Bold.otf */,
				B81C06A82B89C94D00866019 /* SpoqaHanSansNeo-Medium.otf */,
				B81C06A92B89C94D00866019 /* SpoqaHanSansNeo-Regular.otf */,
			);
			path = SpoqaHanSansNeo_OTF_original;
			sourceTree = "<group>";
		};
		B81C06B42B89CC4500866019 /* MyPageView */ = {
			isa = PBXGroup;
			children = (
				B81C06C22B89CDFD00866019 /* MyViewController.swift */,
			);
			path = MyPageView;
			sourceTree = "<group>";
		};
		B81C06B62B89CC9400866019 /* AlarmPageView */ = {
			isa = PBXGroup;
			children = (
				B81C06C02B89CDEF00866019 /* AlarmViewController.swift */,
			);
			path = AlarmPageView;
			sourceTree = "<group>";
		};
		B81C06B72B89CD7F00866019 /* AddPageView */ = {
			isa = PBXGroup;
			children = (
				B81C06BE2B89CDE500866019 /* AddViewController.swift */,
			);
			path = AddPageView;
			sourceTree = "<group>";
		};
		B81C06B82B89CDA900866019 /* SearchPageView */ = {
			isa = PBXGroup;
			children = (
				B81C06BC2B89CDDA00866019 /* SearchViewController.swift */,
			);
			path = SearchPageView;
			sourceTree = "<group>";
		};
		B81C06B92B89CDB600866019 /* HomePageView */ = {
			isa = PBXGroup;
			children = (
				B81C06BA2B89CDCF00866019 /* HomeViewController.swift */,
			);
			path = HomePageView;
			sourceTree = "<group>";
		};
		B81C06C42B89E69900866019 /* LoginView */ = {
			isa = PBXGroup;
			children = (
				B81C06C52B89E6AC00866019 /* LoginViewController.swift */,
				B81C06C72B89E75400866019 /* Views */,
			);
			path = LoginView;
			sourceTree = "<group>";
		};
		B81C06C72B89E75400866019 /* Views */ = {
			isa = PBXGroup;
			children = (
				B896152B2B8CC70D00F0BD9F /* LoginUI */,
				B896152A2B8CC70200F0BD9F /* ForgotView */,
				B89615292B8CC6F500F0BD9F /* FacebookLoginView */,
				B89615282B8CC6E700F0BD9F /* SignupView */,
			);
			path = Views;
			sourceTree = "<group>";
		};
		B81C06DA2B8BA58F00866019 /* Frameworks */ = {
			isa = PBXGroup;
			children = (
			);
			name = Frameworks;
			sourceTree = "<group>";
		};
		B89615282B8CC6E700F0BD9F /* SignupView */ = {
			isa = PBXGroup;
			children = (
				B89615302B8CC76200F0BD9F /* SignupViewController.swift */,
			);
			path = SignupView;
			sourceTree = "<group>";
		};
		B89615292B8CC6F500F0BD9F /* FacebookLoginView */ = {
			isa = PBXGroup;
			children = (
				B896152E2B8CC75500F0BD9F /* FacebookLoginViewController.swift */,
			);
			path = FacebookLoginView;
			sourceTree = "<group>";
		};
		B896152A2B8CC70200F0BD9F /* ForgotView */ = {
			isa = PBXGroup;
			children = (
				B896152C2B8CC74300F0BD9F /* ForgotPasswordViewController.swift */,
			);
			path = ForgotView;
			sourceTree = "<group>";
		};
		B896152B2B8CC70D00F0BD9F /* LoginUI */ = {
			isa = PBXGroup;
			children = (
				B81C06C82B89E76C00866019 /* LoginView.swift */,
				B89615262B8C66FC00F0BD9F /* LoginFooterView.swift */,
			);
			path = LoginUI;
			sourceTree = "<group>";
		};
/* End PBXGroup section */

/* Begin PBXNativeTarget section */
		B81C066E2B89B86D00866019 /* InstaClone */ = {
			isa = PBXNativeTarget;
			buildConfigurationList = B81C06832B89B86E00866019 /* Build configuration list for PBXNativeTarget "InstaClone" */;
			buildPhases = (
				B81C066B2B89B86D00866019 /* Sources */,
				B81C066C2B89B86D00866019 /* Frameworks */,
				B81C066D2B89B86D00866019 /* Resources */,
				B81C06DE2B8BA58F00866019 /* Embed Frameworks */,
			);
			buildRules = (
			);
			dependencies = (
			);
			name = InstaClone;
			packageProductDependencies = (
				B89615242B8BAB7600F0BD9F /* SnapKit */,
			);
			productName = InstaClone;
			productReference = B81C066F2B89B86D00866019 /* InstaClone.app */;
			productType = "com.apple.product-type.application";
		};
/* End PBXNativeTarget section */

/* Begin PBXProject section */
		B81C06672B89B86D00866019 /* Project object */ = {
			isa = PBXProject;
			attributes = {
				BuildIndependentTargetsInParallel = 1;
				LastSwiftUpdateCheck = 1520;
				LastUpgradeCheck = 1520;
				TargetAttributes = {
					B81C066E2B89B86D00866019 = {
						CreatedOnToolsVersion = 15.2;
					};
				};
			};
			buildConfigurationList = B81C066A2B89B86D00866019 /* Build configuration list for PBXProject "InstaClone" */;
			compatibilityVersion = "Xcode 14.0";
			developmentRegion = en;
			hasScannedForEncodings = 0;
			knownRegions = (
				en,
				Base,
			);
			mainGroup = B81C06662B89B86D00866019;
			packageReferences = (
				B81C06CA2B89E78800866019 /* XCRemoteSwiftPackageReference "SnapKit" */,
			);
			productRefGroup = B81C06702B89B86D00866019 /* Products */;
			projectDirPath = "";
			projectRoot = "";
			targets = (
				B81C066E2B89B86D00866019 /* InstaClone */,
			);
		};
/* End PBXProject section */

/* Begin PBXResourcesBuildPhase section */
		B81C066D2B89B86D00866019 /* Resources */ = {
			isa = PBXResourcesBuildPhase;
			buildActionMask = 2147483647;
			files = (
				B81C067F2B89B86E00866019 /* LaunchScreen.storyboard in Resources */,
				B81C06AC2B89C94D00866019 /* SpoqaHanSansNeo-Bold.otf in Resources */,
				B81C067C2B89B86E00866019 /* Assets.xcassets in Resources */,
				B81C06AE2B89C94D00866019 /* SpoqaHanSansNeo-Regular.otf in Resources */,
				B81C06AA2B89C94D00866019 /* SpoqaHanSansNeo-Thin.otf in Resources */,
				B81C06AB2B89C94D00866019 /* SpoqaHanSansNeo-Light.otf in Resources */,
				B81C06AD2B89C94D00866019 /* SpoqaHanSansNeo-Medium.otf in Resources */,
			);
			runOnlyForDeploymentPostprocessing = 0;
		};
/* End PBXResourcesBuildPhase section */

/* Begin PBXSourcesBuildPhase section */
		B81C066B2B89B86D00866019 /* Sources */ = {
			isa = PBXSourcesBuildPhase;
			buildActionMask = 2147483647;
			files = (
				B81C068A2B89BC4A00866019 /* UILabel.swift in Sources */,
				B81C06882B89BC3E00866019 /* UIFont.swift in Sources */,
				B81C06C12B89CDEF00866019 /* AlarmViewController.swift in Sources */,
				B81C06C62B89E6AC00866019 /* LoginViewController.swift in Sources */,
				B81C06B22B89CA7300866019 /* CustomTabBarController.swift in Sources */,
				B81C068E2B89BC6100866019 /* UIStackView.swift in Sources */,
				B81C06D02B8A356D00866019 /* UIImageView.swift in Sources */,
				B81C06732B89B86D00866019 /* AppDelegate.swift in Sources */,
				B81C06BD2B89CDDA00866019 /* SearchViewController.swift in Sources */,
				B81C06902B89BC6F00866019 /* UIColor.swift in Sources */,
				B81C06BB2B89CDCF00866019 /* HomeViewController.swift in Sources */,
				B81C06D22B8A381000866019 /* UITextField.swift in Sources */,
				B81C06752B89B86D00866019 /* SceneDelegate.swift in Sources */,
				B81C068C2B89BC5B00866019 /* UIButton.swift in Sources */,
				B81C06BF2B89CDE500866019 /* AddViewController.swift in Sources */,
				B81C06C32B89CDFD00866019 /* MyViewController.swift in Sources */,
				B896152F2B8CC75500F0BD9F /* FacebookLoginViewController.swift in Sources */,
				B81C06C92B89E76C00866019 /* LoginView.swift in Sources */,
				B896152D2B8CC74300F0BD9F /* ForgotPasswordViewController.swift in Sources */,
				B81C06D42B8A408800866019 /* LoginViewModel.swift in Sources */,
				B81C06B02B89CA3F00866019 /* Constants.swift in Sources */,
				B89615312B8CC76200F0BD9F /* SignupViewController.swift in Sources */,
				B89615272B8C66FC00F0BD9F /* LoginFooterView.swift in Sources */,
			);
			runOnlyForDeploymentPostprocessing = 0;
		};
/* End PBXSourcesBuildPhase section */

/* Begin PBXVariantGroup section */
		B81C067D2B89B86E00866019 /* LaunchScreen.storyboard */ = {
			isa = PBXVariantGroup;
			children = (
				B81C067E2B89B86E00866019 /* Base */,
			);
			name = LaunchScreen.storyboard;
			sourceTree = "<group>";
		};
/* End PBXVariantGroup section */

/* Begin XCBuildConfiguration section */
		B81C06812B89B86E00866019 /* Debug */ = {
			isa = XCBuildConfiguration;
			buildSettings = {
				ALWAYS_SEARCH_USER_PATHS = NO;
				ASSETCATALOG_COMPILER_GENERATE_SWIFT_ASSET_SYMBOL_EXTENSIONS = YES;
				CLANG_ANALYZER_NONNULL = YES;
				CLANG_ANALYZER_NUMBER_OBJECT_CONVERSION = YES_AGGRESSIVE;
				CLANG_CXX_LANGUAGE_STANDARD = "gnu++20";
				CLANG_ENABLE_MODULES = YES;
				CLANG_ENABLE_OBJC_ARC = YES;
				CLANG_ENABLE_OBJC_WEAK = YES;
				CLANG_WARN_BLOCK_CAPTURE_AUTORELEASING = YES;
				CLANG_WARN_BOOL_CONVERSION = YES;
				CLANG_WARN_COMMA = YES;
				CLANG_WARN_CONSTANT_CONVERSION = YES;
				CLANG_WARN_DEPRECATED_OBJC_IMPLEMENTATIONS = YES;
				CLANG_WARN_DIRECT_OBJC_ISA_USAGE = YES_ERROR;
				CLANG_WARN_DOCUMENTATION_COMMENTS = YES;
				CLANG_WARN_EMPTY_BODY = YES;
				CLANG_WARN_ENUM_CONVERSION = YES;
				CLANG_WARN_INFINITE_RECURSION = YES;
				CLANG_WARN_INT_CONVERSION = YES;
				CLANG_WARN_NON_LITERAL_NULL_CONVERSION = YES;
				CLANG_WARN_OBJC_IMPLICIT_RETAIN_SELF = YES;
				CLANG_WARN_OBJC_LITERAL_CONVERSION = YES;
				CLANG_WARN_OBJC_ROOT_CLASS = YES_ERROR;
				CLANG_WARN_QUOTED_INCLUDE_IN_FRAMEWORK_HEADER = YES;
				CLANG_WARN_RANGE_LOOP_ANALYSIS = YES;
				CLANG_WARN_STRICT_PROTOTYPES = YES;
				CLANG_WARN_SUSPICIOUS_MOVE = YES;
				CLANG_WARN_UNGUARDED_AVAILABILITY = YES_AGGRESSIVE;
				CLANG_WARN_UNREACHABLE_CODE = YES;
				CLANG_WARN__DUPLICATE_METHOD_MATCH = YES;
				COPY_PHASE_STRIP = NO;
				DEBUG_INFORMATION_FORMAT = dwarf;
				ENABLE_STRICT_OBJC_MSGSEND = YES;
				ENABLE_TESTABILITY = YES;
				ENABLE_USER_SCRIPT_SANDBOXING = YES;
				GCC_C_LANGUAGE_STANDARD = gnu17;
				GCC_DYNAMIC_NO_PIC = NO;
				GCC_NO_COMMON_BLOCKS = YES;
				GCC_OPTIMIZATION_LEVEL = 0;
				GCC_PREPROCESSOR_DEFINITIONS = (
					"DEBUG=1",
					"$(inherited)",
				);
				GCC_WARN_64_TO_32_BIT_CONVERSION = YES;
				GCC_WARN_ABOUT_RETURN_TYPE = YES_ERROR;
				GCC_WARN_UNDECLARED_SELECTOR = YES;
				GCC_WARN_UNINITIALIZED_AUTOS = YES_AGGRESSIVE;
				GCC_WARN_UNUSED_FUNCTION = YES;
				GCC_WARN_UNUSED_VARIABLE = YES;
				IPHONEOS_DEPLOYMENT_TARGET = 17.2;
				LOCALIZATION_PREFERS_STRING_CATALOGS = YES;
				MTL_ENABLE_DEBUG_INFO = INCLUDE_SOURCE;
				MTL_FAST_MATH = YES;
				ONLY_ACTIVE_ARCH = YES;
				SDKROOT = iphoneos;
				SWIFT_ACTIVE_COMPILATION_CONDITIONS = "DEBUG $(inherited)";
				SWIFT_OPTIMIZATION_LEVEL = "-Onone";
			};
			name = Debug;
		};
		B81C06822B89B86E00866019 /* Release */ = {
			isa = XCBuildConfiguration;
			buildSettings = {
				ALWAYS_SEARCH_USER_PATHS = NO;
				ASSETCATALOG_COMPILER_GENERATE_SWIFT_ASSET_SYMBOL_EXTENSIONS = YES;
				CLANG_ANALYZER_NONNULL = YES;
				CLANG_ANALYZER_NUMBER_OBJECT_CONVERSION = YES_AGGRESSIVE;
				CLANG_CXX_LANGUAGE_STANDARD = "gnu++20";
				CLANG_ENABLE_MODULES = YES;
				CLANG_ENABLE_OBJC_ARC = YES;
				CLANG_ENABLE_OBJC_WEAK = YES;
				CLANG_WARN_BLOCK_CAPTURE_AUTORELEASING = YES;
				CLANG_WARN_BOOL_CONVERSION = YES;
				CLANG_WARN_COMMA = YES;
				CLANG_WARN_CONSTANT_CONVERSION = YES;
				CLANG_WARN_DEPRECATED_OBJC_IMPLEMENTATIONS = YES;
				CLANG_WARN_DIRECT_OBJC_ISA_USAGE = YES_ERROR;
				CLANG_WARN_DOCUMENTATION_COMMENTS = YES;
				CLANG_WARN_EMPTY_BODY = YES;
				CLANG_WARN_ENUM_CONVERSION = YES;
				CLANG_WARN_INFINITE_RECURSION = YES;
				CLANG_WARN_INT_CONVERSION = YES;
				CLANG_WARN_NON_LITERAL_NULL_CONVERSION = YES;
				CLANG_WARN_OBJC_IMPLICIT_RETAIN_SELF = YES;
				CLANG_WARN_OBJC_LITERAL_CONVERSION = YES;
				CLANG_WARN_OBJC_ROOT_CLASS = YES_ERROR;
				CLANG_WARN_QUOTED_INCLUDE_IN_FRAMEWORK_HEADER = YES;
				CLANG_WARN_RANGE_LOOP_ANALYSIS = YES;
				CLANG_WARN_STRICT_PROTOTYPES = YES;
				CLANG_WARN_SUSPICIOUS_MOVE = YES;
				CLANG_WARN_UNGUARDED_AVAILABILITY = YES_AGGRESSIVE;
				CLANG_WARN_UNREACHABLE_CODE = YES;
				CLANG_WARN__DUPLICATE_METHOD_MATCH = YES;
				COPY_PHASE_STRIP = NO;
				DEBUG_INFORMATION_FORMAT = "dwarf-with-dsym";
				ENABLE_NS_ASSERTIONS = NO;
				ENABLE_STRICT_OBJC_MSGSEND = YES;
				ENABLE_USER_SCRIPT_SANDBOXING = YES;
				GCC_C_LANGUAGE_STANDARD = gnu17;
				GCC_NO_COMMON_BLOCKS = YES;
				GCC_WARN_64_TO_32_BIT_CONVERSION = YES;
				GCC_WARN_ABOUT_RETURN_TYPE = YES_ERROR;
				GCC_WARN_UNDECLARED_SELECTOR = YES;
				GCC_WARN_UNINITIALIZED_AUTOS = YES_AGGRESSIVE;
				GCC_WARN_UNUSED_FUNCTION = YES;
				GCC_WARN_UNUSED_VARIABLE = YES;
				IPHONEOS_DEPLOYMENT_TARGET = 17.2;
				LOCALIZATION_PREFERS_STRING_CATALOGS = YES;
				MTL_ENABLE_DEBUG_INFO = NO;
				MTL_FAST_MATH = YES;
				SDKROOT = iphoneos;
				SWIFT_COMPILATION_MODE = wholemodule;
				VALIDATE_PRODUCT = YES;
			};
			name = Release;
		};
		B81C06842B89B86E00866019 /* Debug */ = {
			isa = XCBuildConfiguration;
			buildSettings = {
				ASSETCATALOG_COMPILER_APPICON_NAME = AppIcon;
				ASSETCATALOG_COMPILER_GLOBAL_ACCENT_COLOR_NAME = AccentColor;
				CODE_SIGN_STYLE = Automatic;
				CURRENT_PROJECT_VERSION = 1;
				DEVELOPMENT_TEAM = 785X8Q9TA9;
				GENERATE_INFOPLIST_FILE = YES;
				INFOPLIST_FILE = InstaClone/Info.plist;
				INFOPLIST_KEY_CFBundleDisplayName = "인스타클론";
				INFOPLIST_KEY_UIApplicationSupportsIndirectInputEvents = YES;
				INFOPLIST_KEY_UILaunchStoryboardName = LaunchScreen;
				INFOPLIST_KEY_UISupportedInterfaceOrientations_iPad = "UIInterfaceOrientationPortrait UIInterfaceOrientationPortraitUpsideDown UIInterfaceOrientationLandscapeLeft UIInterfaceOrientationLandscapeRight";
				INFOPLIST_KEY_UISupportedInterfaceOrientations_iPhone = "UIInterfaceOrientationPortrait UIInterfaceOrientationLandscapeLeft UIInterfaceOrientationLandscapeRight";
				IPHONEOS_DEPLOYMENT_TARGET = 15.0;
				LD_RUNPATH_SEARCH_PATHS = (
					"$(inherited)",
					"@executable_path/Frameworks",
				);
				MARKETING_VERSION = 1.0;
				PRODUCT_BUNDLE_IDENTIFIER = com.luttoil.InstaClone;
				PRODUCT_NAME = "$(TARGET_NAME)";
				SWIFT_EMIT_LOC_STRINGS = YES;
				SWIFT_VERSION = 5.0;
				TARGETED_DEVICE_FAMILY = "1,2";
			};
			name = Debug;
		};
		B81C06852B89B86E00866019 /* Release */ = {
			isa = XCBuildConfiguration;
			buildSettings = {
				ASSETCATALOG_COMPILER_APPICON_NAME = AppIcon;
				ASSETCATALOG_COMPILER_GLOBAL_ACCENT_COLOR_NAME = AccentColor;
				CODE_SIGN_STYLE = Automatic;
				CURRENT_PROJECT_VERSION = 1;
				DEVELOPMENT_TEAM = 785X8Q9TA9;
				GENERATE_INFOPLIST_FILE = YES;
				INFOPLIST_FILE = InstaClone/Info.plist;
				INFOPLIST_KEY_CFBundleDisplayName = "인스타클론";
				INFOPLIST_KEY_UIApplicationSupportsIndirectInputEvents = YES;
				INFOPLIST_KEY_UILaunchStoryboardName = LaunchScreen;
				INFOPLIST_KEY_UISupportedInterfaceOrientations_iPad = "UIInterfaceOrientationPortrait UIInterfaceOrientationPortraitUpsideDown UIInterfaceOrientationLandscapeLeft UIInterfaceOrientationLandscapeRight";
				INFOPLIST_KEY_UISupportedInterfaceOrientations_iPhone = "UIInterfaceOrientationPortrait UIInterfaceOrientationLandscapeLeft UIInterfaceOrientationLandscapeRight";
				IPHONEOS_DEPLOYMENT_TARGET = 15.0;
				LD_RUNPATH_SEARCH_PATHS = (
					"$(inherited)",
					"@executable_path/Frameworks",
				);
				MARKETING_VERSION = 1.0;
				PRODUCT_BUNDLE_IDENTIFIER = com.luttoil.InstaClone;
				PRODUCT_NAME = "$(TARGET_NAME)";
				SWIFT_EMIT_LOC_STRINGS = YES;
				SWIFT_VERSION = 5.0;
				TARGETED_DEVICE_FAMILY = "1,2";
			};
			name = Release;
		};
/* End XCBuildConfiguration section */

/* Begin XCConfigurationList section */
		B81C066A2B89B86D00866019 /* Build configuration list for PBXProject "InstaClone" */ = {
			isa = XCConfigurationList;
			buildConfigurations = (
				B81C06812B89B86E00866019 /* Debug */,
				B81C06822B89B86E00866019 /* Release */,
			);
			defaultConfigurationIsVisible = 0;
			defaultConfigurationName = Release;
		};
		B81C06832B89B86E00866019 /* Build configuration list for PBXNativeTarget "InstaClone" */ = {
			isa = XCConfigurationList;
			buildConfigurations = (
				B81C06842B89B86E00866019 /* Debug */,
				B81C06852B89B86E00866019 /* Release */,
			);
			defaultConfigurationIsVisible = 0;
			defaultConfigurationName = Release;
		};
/* End XCConfigurationList section */

/* Begin XCRemoteSwiftPackageReference section */
		B81C06CA2B89E78800866019 /* XCRemoteSwiftPackageReference "SnapKit" */ = {
			isa = XCRemoteSwiftPackageReference;
			repositoryURL = "https://github.com/SnapKit/SnapKit.git";
			requirement = {
				kind = upToNextMajorVersion;
				minimumVersion = 5.7.1;
			};
		};
/* End XCRemoteSwiftPackageReference section */

/* Begin XCSwiftPackageProductDependency section */
		B89615242B8BAB7600F0BD9F /* SnapKit */ = {
			isa = XCSwiftPackageProductDependency;
			package = B81C06CA2B89E78800866019 /* XCRemoteSwiftPackageReference "SnapKit" */;
			productName = SnapKit;
		};
/* End XCSwiftPackageProductDependency section */
	};
	rootObject = B81C06672B89B86D00866019 /* Project object */;
}
